
Microsoft Visual Studio Solution File, Format Version 12.00
# Visual Studio Version 16
VisualStudioVersion = 16.0.29613.14
MinimumVisualStudioVersion = 10.0.40219.1
Project("{FAE04EC0-301F-11D3-BF4B-00C04F79EFBC}") = "BasicCalculator", "BasicCalculator.csproj", "{76760A79-67E2-447F-B8FF-830C25E49584}"
EndProject
Global
	GlobalSection(SolutionConfigurationPlatforms) = preSolution
		Debug|Any CPU = Debug|Any CPU
		Release|Any CPU = Release|Any CPU
	EndGlobalSection
	GlobalSection(ProjectConfigurationPlatforms) = postSolution
		{76760A79-67E2-447F-B8FF-830C25E49584}.Debug|Any CPU.ActiveCfg = Debug|Any CPU
		{76760A79-67E2-447F-B8FF-830C25E49584}.Debug|Any CPU.Build.0 = Debug|Any CPU
		{76760A79-67E2-447F-B8FF-830C25E49584}.Release|Any CPU.ActiveCfg = Release|Any CPU
		{76760A79-67E2-447F-B8FF-830C25E49584}.Release|Any CPU.Build.0 = Release|Any CPU
	EndGlobalSection
	GlobalSection(SolutionProperties) = preSolution
		HideSolutionNode = FALSE
	EndGlobalSection
	GlobalSection(ExtensibilityGlobals) = postSolution
		SolutionGuid = {E3C3462C-CCA8-414E-BCED-6349949011ED}
	EndGlobalSection
EndGlobal
